
Microsoft Visual Studio Solution File, Format Version 12.00
# Visual Studio 14
VisualStudioVersion = 14.0.25420.1
MinimumVisualStudioVersion = 10.0.40219.1
Project("{FAE04EC0-301F-11D3-BF4B-00C04F79EFBC}") = "Day1", "Day1\Day1\Day1.csproj", "{B98EED0E-2629-4026-999E-CF09911ECFDE}"
EndProject
Project("{FAE04EC0-301F-11D3-BF4B-00C04F79EFBC}") = "Day1.Droid", "Day1\Day1.Droid\Day1.Droid.csproj", "{08A4BE9D-9A44-4AF7-B8B5-A7A29E9819F9}"
EndProject
Project("{FAE04EC0-301F-11D3-BF4B-00C04F79EFBC}") = "Day1.iOS", "Day1\Day1.iOS\Day1.iOS.csproj", "{AB4A3F72-95FB-4A52-8D17-5385C5C49862}"
EndProject
Project("{FAE04EC0-301F-11D3-BF4B-00C04F79EFBC}") = "Day1.WinPhone", "Day1\Day1.WinPhone\Day1.WinPhone.csproj", "{F0B414AB-B049-4E02-B341-CB683A6B8381}"
EndProject
Project("{FAE04EC0-301F-11D3-BF4B-00C04F79EFBC}") = "Day1.UWP", "Day1\Day1.UWP\Day1.UWP.csproj", "{B53E8A2A-21AE-40CD-B755-E0BD6A6891D3}"
EndProject
Project("{FAE04EC0-301F-11D3-BF4B-00C04F79EFBC}") = "Day1.Windows", "Day1\Day1.Windows\Day1.Windows.csproj", "{BF82FD27-F503-4AF8-8699-0CB1BE0D3E77}"
EndProject
Global
	GlobalSection(SolutionConfigurationPlatforms) = preSolution
		Ad-Hoc|Any CPU = Ad-Hoc|Any CPU
		Ad-Hoc|ARM = Ad-Hoc|ARM
		Ad-Hoc|iPhone = Ad-Hoc|iPhone
		Ad-Hoc|iPhoneSimulator = Ad-Hoc|iPhoneSimulator
		Ad-Hoc|x64 = Ad-Hoc|x64
		Ad-Hoc|x86 = Ad-Hoc|x86
		AppStore|Any CPU = AppStore|Any CPU
		AppStore|ARM = AppStore|ARM
		AppStore|iPhone = AppStore|iPhone
		AppStore|iPhoneSimulator = AppStore|iPhoneSimulator
		AppStore|x64 = AppStore|x64
		AppStore|x86 = AppStore|x86
		Debug|Any CPU = Debug|Any CPU
		Debug|ARM = Debug|ARM
		Debug|iPhone = Debug|iPhone
		Debug|iPhoneSimulator = Debug|iPhoneSimulator
		Debug|x64 = Debug|x64
		Debug|x86 = Debug|x86
		Release|Any CPU = Release|Any CPU
		Release|ARM = Release|ARM
		Release|iPhone = Release|iPhone
		Release|iPhoneSimulator = Release|iPhoneSimulator
		Release|x64 = Release|x64
		Release|x86 = Release|x86
	EndGlobalSection
	GlobalSection(ProjectConfigurationPlatforms) = postSolution
		{B98EED0E-2629-4026-999E-CF09911ECFDE}.Ad-Hoc|Any CPU.ActiveCfg = Release|Any CPU
		{B98EED0E-2629-4026-999E-CF09911ECFDE}.Ad-Hoc|Any CPU.Build.0 = Release|Any CPU
		{B98EED0E-2629-4026-999E-CF09911ECFDE}.Ad-Hoc|ARM.ActiveCfg = Release|Any CPU
		{B98EED0E-2629-4026-999E-CF09911ECFDE}.Ad-Hoc|ARM.Build.0 = Release|Any CPU
		{B98EED0E-2629-4026-999E-CF09911ECFDE}.Ad-Hoc|iPhone.ActiveCfg = Release|Any CPU
		{B98EED0E-2629-4026-999E-CF09911ECFDE}.Ad-Hoc|iPhone.Build.0 = Release|Any CPU
		{B98EED0E-2629-4026-999E-CF09911ECFDE}.Ad-Hoc|iPhoneSimulator.ActiveCfg = Release|Any CPU
		{B98EED0E-2629-4026-999E-CF09911ECFDE}.Ad-Hoc|iPhoneSimulator.Build.0 = Release|Any CPU
		{B98EED0E-2629-4026-999E-CF09911ECFDE}.Ad-Hoc|x64.ActiveCfg = Release|Any CPU
		{B98EED0E-2629-4026-999E-CF09911ECFDE}.Ad-Hoc|x64.Build.0 = Release|Any CPU
		{B98EED0E-2629-4026-999E-CF09911ECFDE}.Ad-Hoc|x86.ActiveCfg = Release|Any CPU
		{B98EED0E-2629-4026-999E-CF09911ECFDE}.Ad-Hoc|x86.Build.0 = Release|Any CPU
		{B98EED0E-2629-4026-999E-CF09911ECFDE}.AppStore|Any CPU.ActiveCfg = Release|Any CPU
		{B98EED0E-2629-4026-999E-CF09911ECFDE}.AppStore|Any CPU.Build.0 = Release|Any CPU
		{B98EED0E-2629-4026-999E-CF09911ECFDE}.AppStore|ARM.ActiveCfg = Release|Any CPU
		{B98EED0E-2629-4026-999E-CF09911ECFDE}.AppStore|ARM.Build.0 = Release|Any CPU
		{B98EED0E-2629-4026-999E-CF09911ECFDE}.AppStore|iPhone.ActiveCfg = Release|Any CPU
		{B98EED0E-2629-4026-999E-CF09911ECFDE}.AppStore|iPhone.Build.0 = Release|Any CPU
		{B98EED0E-2629-4026-999E-CF09911ECFDE}.AppStore|iPhoneSimulator.ActiveCfg = Release|Any CPU
		{B98EED0E-2629-4026-999E-CF09911ECFDE}.AppStore|iPhoneSimulator.Build.0 = Release|Any CPU
		{B98EED0E-2629-4026-999E-CF09911ECFDE}.AppStore|x64.ActiveCfg = Release|Any CPU
		{B98EED0E-2629-4026-999E-CF09911ECFDE}.AppStore|x64.Build.0 = Release|Any CPU
		{B98EED0E-2629-4026-999E-CF09911ECFDE}.AppStore|x86.ActiveCfg = Release|Any CPU
		{B98EED0E-2629-4026-999E-CF09911ECFDE}.AppStore|x86.Build.0 = Release|Any CPU
		{B98EED0E-2629-4026-999E-CF09911ECFDE}.Debug|Any CPU.ActiveCfg = Debug|Any CPU
		{B98EED0E-2629-4026-999E-CF09911ECFDE}.Debug|Any CPU.Build.0 = Debug|Any CPU
		{B98EED0E-2629-4026-999E-CF09911ECFDE}.Debug|ARM.ActiveCfg = Debug|Any CPU
		{B98EED0E-2629-4026-999E-CF09911ECFDE}.Debug|ARM.Build.0 = Debug|Any CPU
		{B98EED0E-2629-4026-999E-CF09911ECFDE}.Debug|iPhone.ActiveCfg = Debug|Any CPU
		{B98EED0E-2629-4026-999E-CF09911ECFDE}.Debug|iPhone.Build.0 = Debug|Any CPU
		{B98EED0E-2629-4026-999E-CF09911ECFDE}.Debug|iPhoneSimulator.ActiveCfg = Debug|Any CPU
		{B98EED0E-2629-4026-999E-CF09911ECFDE}.Debug|iPhoneSimulator.Build.0 = Debug|Any CPU
		{B98EED0E-2629-4026-999E-CF09911ECFDE}.Debug|x64.ActiveCfg = Debug|Any CPU
		{B98EED0E-2629-4026-999E-CF09911ECFDE}.Debug|x64.Build.0 = Debug|Any CPU
		{B98EED0E-2629-4026-999E-CF09911ECFDE}.Debug|x86.ActiveCfg = Debug|Any CPU
		{B98EED0E-2629-4026-999E-CF09911ECFDE}.Debug|x86.Build.0 = Debug|Any CPU
		{B98EED0E-2629-4026-999E-CF09911ECFDE}.Release|Any CPU.ActiveCfg = Release|Any CPU
		{B98EED0E-2629-4026-999E-CF09911ECFDE}.Release|Any CPU.Build.0 = Release|Any CPU
		{B98EED0E-2629-4026-999E-CF09911ECFDE}.Release|ARM.ActiveCfg = Release|Any CPU
		{B98EED0E-2629-4026-999E-CF09911ECFDE}.Release|ARM.Build.0 = Release|Any CPU
		{B98EED0E-2629-4026-999E-CF09911ECFDE}.Release|iPhone.ActiveCfg = Release|Any CPU
		{B98EED0E-2629-4026-999E-CF09911ECFDE}.Release|iPhone.Build.0 = Release|Any CPU
		{B98EED0E-2629-4026-999E-CF09911ECFDE}.Release|iPhoneSimulator.ActiveCfg = Release|Any CPU
		{B98EED0E-2629-4026-999E-CF09911ECFDE}.Release|iPhoneSimulator.Build.0 = Release|Any CPU
		{B98EED0E-2629-4026-999E-CF09911ECFDE}.Release|x64.ActiveCfg = Release|Any CPU
		{B98EED0E-2629-4026-999E-CF09911ECFDE}.Release|x64.Build.0 = Release|Any CPU
		{B98EED0E-2629-4026-999E-CF09911ECFDE}.Release|x86.ActiveCfg = Release|Any CPU
		{B98EED0E-2629-4026-999E-CF09911ECFDE}.Release|x86.Build.0 = Release|Any CPU
		{08A4BE9D-9A44-4AF7-B8B5-A7A29E9819F9}.Ad-Hoc|Any CPU.ActiveCfg = Release|Any CPU
		{08A4BE9D-9A44-4AF7-B8B5-A7A29E9819F9}.Ad-Hoc|Any CPU.Build.0 = Release|Any CPU
		{08A4BE9D-9A44-4AF7-B8B5-A7A29E9819F9}.Ad-Hoc|Any CPU.Deploy.0 = Release|Any CPU
		{08A4BE9D-9A44-4AF7-B8B5-A7A29E9819F9}.Ad-Hoc|ARM.ActiveCfg = Release|Any CPU
		{08A4BE9D-9A44-4AF7-B8B5-A7A29E9819F9}.Ad-Hoc|ARM.Build.0 = Release|Any CPU
		{08A4BE9D-9A44-4AF7-B8B5-A7A29E9819F9}.Ad-Hoc|ARM.Deploy.0 = Release|Any CPU
		{08A4BE9D-9A44-4AF7-B8B5-A7A29E9819F9}.Ad-Hoc|iPhone.ActiveCfg = Release|Any CPU
		{08A4BE9D-9A44-4AF7-B8B5-A7A29E9819F9}.Ad-Hoc|iPhone.Build.0 = Release|Any CPU
		{08A4BE9D-9A44-4AF7-B8B5-A7A29E9819F9}.Ad-Hoc|iPhone.Deploy.0 = Release|Any CPU
		{08A4BE9D-9A44-4AF7-B8B5-A7A29E9819F9}.Ad-Hoc|iPhoneSimulator.ActiveCfg = Release|Any CPU
		{08A4BE9D-9A44-4AF7-B8B5-A7A29E9819F9}.Ad-Hoc|iPhoneSimulator.Build.0 = Release|Any CPU
		{08A4BE9D-9A44-4AF7-B8B5-A7A29E9819F9}.Ad-Hoc|iPhoneSimulator.Deploy.0 = Release|Any CPU
		{08A4BE9D-9A44-4AF7-B8B5-A7A29E9819F9}.Ad-Hoc|x64.ActiveCfg = Release|Any CPU
		{08A4BE9D-9A44-4AF7-B8B5-A7A29E9819F9}.Ad-Hoc|x64.Build.0 = Release|Any CPU
		{08A4BE9D-9A44-4AF7-B8B5-A7A29E9819F9}.Ad-Hoc|x64.Deploy.0 = Release|Any CPU
		{08A4BE9D-9A44-4AF7-B8B5-A7A29E9819F9}.Ad-Hoc|x86.ActiveCfg = Release|Any CPU
		{08A4BE9D-9A44-4AF7-B8B5-A7A29E9819F9}.Ad-Hoc|x86.Build.0 = Release|Any CPU
		{08A4BE9D-9A44-4AF7-B8B5-A7A29E9819F9}.Ad-Hoc|x86.Deploy.0 = Release|Any CPU
		{08A4BE9D-9A44-4AF7-B8B5-A7A29E9819F9}.AppStore|Any CPU.ActiveCfg = Release|Any CPU
		{08A4BE9D-9A44-4AF7-B8B5-A7A29E9819F9}.AppStore|Any CPU.Build.0 = Release|Any CPU
		{08A4BE9D-9A44-4AF7-B8B5-A7A29E9819F9}.AppStore|Any CPU.Deploy.0 = Release|Any CPU
		{08A4BE9D-9A44-4AF7-B8B5-A7A29E9819F9}.AppStore|ARM.ActiveCfg = Release|Any CPU
		{08A4BE9D-9A44-4AF7-B8B5-A7A29E9819F9}.AppStore|ARM.Build.0 = Release|Any CPU
		{08A4BE9D-9A44-4AF7-B8B5-A7A29E9819F9}.AppStore|ARM.Deploy.0 = Release|Any CPU
		{08A4BE9D-9A44-4AF7-B8B5-A7A29E9819F9}.AppStore|iPhone.ActiveCfg = Release|Any CPU
		{08A4BE9D-9A44-4AF7-B8B5-A7A29E9819F9}.AppStore|iPhone.Build.0 = Release|Any CPU
		{08A4BE9D-9A44-4AF7-B8B5-A7A29E9819F9}.AppStore|iPhone.Deploy.0 = Release|Any CPU
		{08A4BE9D-9A44-4AF7-B8B5-A7A29E9819F9}.AppStore|iPhoneSimulator.ActiveCfg = Release|Any CPU
		{08A4BE9D-9A44-4AF7-B8B5-A7A29E9819F9}.AppStore|iPhoneSimulator.Build.0 = Release|Any CPU
		{08A4BE9D-9A44-4AF7-B8B5-A7A29E9819F9}.AppStore|iPhoneSimulator.Deploy.0 = Release|Any CPU
		{08A4BE9D-9A44-4AF7-B8B5-A7A29E9819F9}.AppStore|x64.ActiveCfg = Release|Any CPU
		{08A4BE9D-9A44-4AF7-B8B5-A7A29E9819F9}.AppStore|x64.Build.0 = Release|Any CPU
		{08A4BE9D-9A44-4AF7-B8B5-A7A29E9819F9}.AppStore|x64.Deploy.0 = Release|Any CPU
		{08A4BE9D-9A44-4AF7-B8B5-A7A29E9819F9}.AppStore|x86.ActiveCfg = Release|Any CPU
		{08A4BE9D-9A44-4AF7-B8B5-A7A29E9819F9}.AppStore|x86.Build.0 = Release|Any CPU
		{08A4BE9D-9A44-4AF7-B8B5-A7A29E9819F9}.AppStore|x86.Deploy.0 = Release|Any CPU
		{08A4BE9D-9A44-4AF7-B8B5-A7A29E9819F9}.Debug|Any CPU.ActiveCfg = Debug|Any CPU
		{08A4BE9D-9A44-4AF7-B8B5-A7A29E9819F9}.Debug|Any CPU.Build.0 = Debug|Any CPU
		{08A4BE9D-9A44-4AF7-B8B5-A7A29E9819F9}.Debug|Any CPU.Deploy.0 = Debug|Any CPU
		{08A4BE9D-9A44-4AF7-B8B5-A7A29E9819F9}.Debug|ARM.ActiveCfg = Debug|Any CPU
		{08A4BE9D-9A44-4AF7-B8B5-A7A29E9819F9}.Debug|ARM.Build.0 = Debug|Any CPU
		{08A4BE9D-9A44-4AF7-B8B5-A7A29E9819F9}.Debug|ARM.Deploy.0 = Debug|Any CPU
		{08A4BE9D-9A44-4AF7-B8B5-A7A29E9819F9}.Debug|iPhone.ActiveCfg = Debug|Any CPU
		{08A4BE9D-9A44-4AF7-B8B5-A7A29E9819F9}.Debug|iPhone.Build.0 = Debug|Any CPU
		{08A4BE9D-9A44-4AF7-B8B5-A7A29E9819F9}.Debug|iPhone.Deploy.0 = Debug|Any CPU
		{08A4BE9D-9A44-4AF7-B8B5-A7A29E9819F9}.Debug|iPhoneSimulator.ActiveCfg = Debug|Any CPU
		{08A4BE9D-9A44-4AF7-B8B5-A7A29E9819F9}.Debug|iPhoneSimulator.Build.0 = Debug|Any CPU
		{08A4BE9D-9A44-4AF7-B8B5-A7A29E9819F9}.Debug|iPhoneSimulator.Deploy.0 = Debug|Any CPU
		{08A4BE9D-9A44-4AF7-B8B5-A7A29E9819F9}.Debug|x64.ActiveCfg = Debug|Any CPU
		{08A4BE9D-9A44-4AF7-B8B5-A7A29E9819F9}.Debug|x64.Build.0 = Debug|Any CPU
		{08A4BE9D-9A44-4AF7-B8B5-A7A29E9819F9}.Debug|x64.Deploy.0 = Debug|Any CPU
		{08A4BE9D-9A44-4AF7-B8B5-A7A29E9819F9}.Debug|x86.ActiveCfg = Debug|Any CPU
		{08A4BE9D-9A44-4AF7-B8B5-A7A29E9819F9}.Debug|x86.Build.0 = Debug|Any CPU
		{08A4BE9D-9A44-4AF7-B8B5-A7A29E9819F9}.Debug|x86.Deploy.0 = Debug|Any CPU
		{08A4BE9D-9A44-4AF7-B8B5-A7A29E9819F9}.Release|Any CPU.ActiveCfg = Release|Any CPU
		{08A4BE9D-9A44-4AF7-B8B5-A7A29E9819F9}.Release|Any CPU.Build.0 = Release|Any CPU
		{08A4BE9D-9A44-4AF7-B8B5-A7A29E9819F9}.Release|Any CPU.Deploy.0 = Release|Any CPU
		{08A4BE9D-9A44-4AF7-B8B5-A7A29E9819F9}.Release|ARM.ActiveCfg = Release|Any CPU
		{08A4BE9D-9A44-4AF7-B8B5-A7A29E9819F9}.Release|ARM.Build.0 = Release|Any CPU
		{08A4BE9D-9A44-4AF7-B8B5-A7A29E9819F9}.Release|ARM.Deploy.0 = Release|Any CPU
		{08A4BE9D-9A44-4AF7-B8B5-A7A29E9819F9}.Release|iPhone.ActiveCfg = Release|Any CPU
		{08A4BE9D-9A44-4AF7-B8B5-A7A29E9819F9}.Release|iPhone.Build.0 = Release|Any CPU
		{08A4BE9D-9A44-4AF7-B8B5-A7A29E9819F9}.Release|iPhone.Deploy.0 = Release|Any CPU
		{08A4BE9D-9A44-4AF7-B8B5-A7A29E9819F9}.Release|iPhoneSimulator.ActiveCfg = Release|Any CPU
		{08A4BE9D-9A44-4AF7-B8B5-A7A29E9819F9}.Release|iPhoneSimulator.Build.0 = Release|Any CPU
		{08A4BE9D-9A44-4AF7-B8B5-A7A29E9819F9}.Release|iPhoneSimulator.Deploy.0 = Release|Any CPU
		{08A4BE9D-9A44-4AF7-B8B5-A7A29E9819F9}.Release|x64.ActiveCfg = Release|Any CPU
		{08A4BE9D-9A44-4AF7-B8B5-A7A29E9819F9}.Release|x64.Build.0 = Release|Any CPU
		{08A4BE9D-9A44-4AF7-B8B5-A7A29E9819F9}.Release|x64.Deploy.0 = Release|Any CPU
		{08A4BE9D-9A44-4AF7-B8B5-A7A29E9819F9}.Release|x86.ActiveCfg = Release|Any CPU
		{08A4BE9D-9A44-4AF7-B8B5-A7A29E9819F9}.Release|x86.Build.0 = Release|Any CPU
		{08A4BE9D-9A44-4AF7-B8B5-A7A29E9819F9}.Release|x86.Deploy.0 = Release|Any CPU
		{AB4A3F72-95FB-4A52-8D17-5385C5C49862}.Ad-Hoc|Any CPU.ActiveCfg = Ad-Hoc|iPhone
		{AB4A3F72-95FB-4A52-8D17-5385C5C49862}.Ad-Hoc|ARM.ActiveCfg = Ad-Hoc|iPhone
		{AB4A3F72-95FB-4A52-8D17-5385C5C49862}.Ad-Hoc|iPhone.ActiveCfg = Ad-Hoc|iPhone
		{AB4A3F72-95FB-4A52-8D17-5385C5C49862}.Ad-Hoc|iPhone.Build.0 = Ad-Hoc|iPhone
		{AB4A3F72-95FB-4A52-8D17-5385C5C49862}.Ad-Hoc|iPhoneSimulator.ActiveCfg = Ad-Hoc|iPhoneSimulator
		{AB4A3F72-95FB-4A52-8D17-5385C5C49862}.Ad-Hoc|iPhoneSimulator.Build.0 = Ad-Hoc|iPhoneSimulator
		{AB4A3F72-95FB-4A52-8D17-5385C5C49862}.Ad-Hoc|x64.ActiveCfg = Ad-Hoc|iPhone
		{AB4A3F72-95FB-4A52-8D17-5385C5C49862}.Ad-Hoc|x86.ActiveCfg = Ad-Hoc|iPhone
		{AB4A3F72-95FB-4A52-8D17-5385C5C49862}.AppStore|Any CPU.ActiveCfg = AppStore|iPhone
		{AB4A3F72-95FB-4A52-8D17-5385C5C49862}.AppStore|ARM.ActiveCfg = AppStore|iPhone
		{AB4A3F72-95FB-4A52-8D17-5385C5C49862}.AppStore|iPhone.ActiveCfg = AppStore|iPhone
		{AB4A3F72-95FB-4A52-8D17-5385C5C49862}.AppStore|iPhone.Build.0 = AppStore|iPhone
		{AB4A3F72-95FB-4A52-8D17-5385C5C49862}.AppStore|iPhoneSimulator.ActiveCfg = AppStore|iPhoneSimulator
		{AB4A3F72-95FB-4A52-8D17-5385C5C49862}.AppStore|iPhoneSimulator.Build.0 = AppStore|iPhoneSimulator
		{AB4A3F72-95FB-4A52-8D17-5385C5C49862}.AppStore|x64.ActiveCfg = AppStore|iPhone
		{AB4A3F72-95FB-4A52-8D17-5385C5C49862}.AppStore|x86.ActiveCfg = AppStore|iPhone
		{AB4A3F72-95FB-4A52-8D17-5385C5C49862}.Debug|Any CPU.ActiveCfg = Debug|iPhone
		{AB4A3F72-95FB-4A52-8D17-5385C5C49862}.Debug|ARM.ActiveCfg = Debug|iPhone
		{AB4A3F72-95FB-4A52-8D17-5385C5C49862}.Debug|iPhone.ActiveCfg = Debug|iPhone
		{AB4A3F72-95FB-4A52-8D17-5385C5C49862}.Debug|iPhone.Build.0 = Debug|iPhone
		{AB4A3F72-95FB-4A52-8D17-5385C5C49862}.Debug|iPhoneSimulator.ActiveCfg = Debug|iPhoneSimulator
		{AB4A3F72-95FB-4A52-8D17-5385C5C49862}.Debug|iPhoneSimulator.Build.0 = Debug|iPhoneSimulator
		{AB4A3F72-95FB-4A52-8D17-5385C5C49862}.Debug|x64.ActiveCfg = Debug|iPhone
		{AB4A3F72-95FB-4A52-8D17-5385C5C49862}.Debug|x86.ActiveCfg = Debug|iPhone
		{AB4A3F72-95FB-4A52-8D17-5385C5C49862}.Release|Any CPU.ActiveCfg = Release|iPhone
		{AB4A3F72-95FB-4A52-8D17-5385C5C49862}.Release|ARM.ActiveCfg = Release|iPhone
		{AB4A3F72-95FB-4A52-8D17-5385C5C49862}.Release|iPhone.ActiveCfg = Release|iPhone
		{AB4A3F72-95FB-4A52-8D17-5385C5C49862}.Release|iPhone.Build.0 = Release|iPhone
		{AB4A3F72-95FB-4A52-8D17-5385C5C49862}.Release|iPhoneSimulator.ActiveCfg = Release|iPhoneSimulator
		{AB4A3F72-95FB-4A52-8D17-5385C5C49862}.Release|iPhoneSimulator.Build.0 = Release|iPhoneSimulator
		{AB4A3F72-95FB-4A52-8D17-5385C5C49862}.Release|x64.ActiveCfg = Release|iPhone
		{AB4A3F72-95FB-4A52-8D17-5385C5C49862}.Release|x86.ActiveCfg = Release|iPhone
		{F0B414AB-B049-4E02-B341-CB683A6B8381}.Ad-Hoc|Any CPU.ActiveCfg = Release|Any CPU
		{F0B414AB-B049-4E02-B341-CB683A6B8381}.Ad-Hoc|Any CPU.Build.0 = Release|Any CPU
		{F0B414AB-B049-4E02-B341-CB683A6B8381}.Ad-Hoc|Any CPU.Deploy.0 = Release|Any CPU
		{F0B414AB-B049-4E02-B341-CB683A6B8381}.Ad-Hoc|ARM.ActiveCfg = Release|ARM
		{F0B414AB-B049-4E02-B341-CB683A6B8381}.Ad-Hoc|ARM.Build.0 = Release|ARM
		{F0B414AB-B049-4E02-B341-CB683A6B8381}.Ad-Hoc|ARM.Deploy.0 = Release|ARM
		{F0B414AB-B049-4E02-B341-CB683A6B8381}.Ad-Hoc|iPhone.ActiveCfg = Release|Any CPU
		{F0B414AB-B049-4E02-B341-CB683A6B8381}.Ad-Hoc|iPhone.Build.0 = Release|Any CPU
		{F0B414AB-B049-4E02-B341-CB683A6B8381}.Ad-Hoc|iPhone.Deploy.0 = Release|Any CPU
		{F0B414AB-B049-4E02-B341-CB683A6B8381}.Ad-Hoc|iPhoneSimulator.ActiveCfg = Release|Any CPU
		{F0B414AB-B049-4E02-B341-CB683A6B8381}.Ad-Hoc|iPhoneSimulator.Build.0 = Release|Any CPU
		{F0B414AB-B049-4E02-B341-CB683A6B8381}.Ad-Hoc|iPhoneSimulator.Deploy.0 = Release|Any CPU
		{F0B414AB-B049-4E02-B341-CB683A6B8381}.Ad-Hoc|x64.ActiveCfg = Release|Any CPU
		{F0B414AB-B049-4E02-B341-CB683A6B8381}.Ad-Hoc|x64.Build.0 = Release|Any CPU
		{F0B414AB-B049-4E02-B341-CB683A6B8381}.Ad-Hoc|x64.Deploy.0 = Release|Any CPU
		{F0B414AB-B049-4E02-B341-CB683A6B8381}.Ad-Hoc|x86.ActiveCfg = Release|x86
		{F0B414AB-B049-4E02-B341-CB683A6B8381}.Ad-Hoc|x86.Build.0 = Release|x86
		{F0B414AB-B049-4E02-B341-CB683A6B8381}.Ad-Hoc|x86.Deploy.0 = Release|x86
		{F0B414AB-B049-4E02-B341-CB683A6B8381}.AppStore|Any CPU.ActiveCfg = Release|Any CPU
		{F0B414AB-B049-4E02-B341-CB683A6B8381}.AppStore|Any CPU.Build.0 = Release|Any CPU
		{F0B414AB-B049-4E02-B341-CB683A6B8381}.AppStore|Any CPU.Deploy.0 = Release|Any CPU
		{F0B414AB-B049-4E02-B341-CB683A6B8381}.AppStore|ARM.ActiveCfg = Release|ARM
		{F0B414AB-B049-4E02-B341-CB683A6B8381}.AppStore|ARM.Build.0 = Release|ARM
		{F0B414AB-B049-4E02-B341-CB683A6B8381}.AppStore|ARM.Deploy.0 = Release|ARM
		{F0B414AB-B049-4E02-B341-CB683A6B8381}.AppStore|iPhone.ActiveCfg = Release|Any CPU
		{F0B414AB-B049-4E02-B341-CB683A6B8381}.AppStore|iPhone.Build.0 = Release|Any CPU
		{F0B414AB-B049-4E02-B341-CB683A6B8381}.AppStore|iPhone.Deploy.0 = Release|Any CPU
		{F0B414AB-B049-4E02-B341-CB683A6B8381}.AppStore|iPhoneSimulator.ActiveCfg = Release|Any CPU
		{F0B414AB-B049-4E02-B341-CB683A6B8381}.AppStore|iPhoneSimulator.Build.0 = Release|Any CPU
		{F0B414AB-B049-4E02-B341-CB683A6B8381}.AppStore|iPhoneSimulator.Deploy.0 = Release|Any CPU
		{F0B414AB-B049-4E02-B341-CB683A6B8381}.AppStore|x64.ActiveCfg = Release|Any CPU
		{F0B414AB-B049-4E02-B341-CB683A6B8381}.AppStore|x64.Build.0 = Release|Any CPU
		{F0B414AB-B049-4E02-B341-CB683A6B8381}.AppStore|x64.Deploy.0 = Release|Any CPU
		{F0B414AB-B049-4E02-B341-CB683A6B8381}.AppStore|x86.ActiveCfg = Release|x86
		{F0B414AB-B049-4E02-B341-CB683A6B8381}.AppStore|x86.Build.0 = Release|x86
		{F0B414AB-B049-4E02-B341-CB683A6B8381}.AppStore|x86.Deploy.0 = Release|x86
		{F0B414AB-B049-4E02-B341-CB683A6B8381}.Debug|Any CPU.ActiveCfg = Debug|Any CPU
		{F0B414AB-B049-4E02-B341-CB683A6B8381}.Debug|Any CPU.Build.0 = Debug|Any CPU
		{F0B414AB-B049-4E02-B341-CB683A6B8381}.Debug|Any CPU.Deploy.0 = Debug|Any CPU
		{F0B414AB-B049-4E02-B341-CB683A6B8381}.Debug|ARM.ActiveCfg = Debug|ARM
		{F0B414AB-B049-4E02-B341-CB683A6B8381}.Debug|ARM.Build.0 = Debug|ARM
		{F0B414AB-B049-4E02-B341-CB683A6B8381}.Debug|ARM.Deploy.0 = Debug|ARM
		{F0B414AB-B049-4E02-B341-CB683A6B8381}.Debug|iPhone.ActiveCfg = Debug|Any CPU
		{F0B414AB-B049-4E02-B341-CB683A6B8381}.Debug|iPhone.Build.0 = Debug|Any CPU
		{F0B414AB-B049-4E02-B341-CB683A6B8381}.Debug|iPhone.Deploy.0 = Debug|Any CPU
		{F0B414AB-B049-4E02-B341-CB683A6B8381}.Debug|iPhoneSimulator.ActiveCfg = Debug|Any CPU
		{F0B414AB-B049-4E02-B341-CB683A6B8381}.Debug|iPhoneSimulator.Build.0 = Debug|Any CPU
		{F0B414AB-B049-4E02-B341-CB683A6B8381}.Debug|iPhoneSimulator.Deploy.0 = Debug|Any CPU
		{F0B414AB-B049-4E02-B341-CB683A6B8381}.Debug|x64.ActiveCfg = Debug|Any CPU
		{F0B414AB-B049-4E02-B341-CB683A6B8381}.Debug|x64.Build.0 = Debug|Any CPU
		{F0B414AB-B049-4E02-B341-CB683A6B8381}.Debug|x64.Deploy.0 = Debug|Any CPU
		{F0B414AB-B049-4E02-B341-CB683A6B8381}.Debug|x86.ActiveCfg = Debug|x86
		{F0B414AB-B049-4E02-B341-CB683A6B8381}.Debug|x86.Build.0 = Debug|x86
		{F0B414AB-B049-4E02-B341-CB683A6B8381}.Debug|x86.Deploy.0 = Debug|x86
		{F0B414AB-B049-4E02-B341-CB683A6B8381}.Release|Any CPU.ActiveCfg = Release|Any CPU
		{F0B414AB-B049-4E02-B341-CB683A6B8381}.Release|Any CPU.Build.0 = Release|Any CPU
		{F0B414AB-B049-4E02-B341-CB683A6B8381}.Release|Any CPU.Deploy.0 = Release|Any CPU
		{F0B414AB-B049-4E02-B341-CB683A6B8381}.Release|ARM.ActiveCfg = Release|ARM
		{F0B414AB-B049-4E02-B341-CB683A6B8381}.Release|ARM.Build.0 = Release|ARM
		{F0B414AB-B049-4E02-B341-CB683A6B8381}.Release|ARM.Deploy.0 = Release|ARM
		{F0B414AB-B049-4E02-B341-CB683A6B8381}.Release|iPhone.ActiveCfg = Release|Any CPU
		{F0B414AB-B049-4E02-B341-CB683A6B8381}.Release|iPhone.Build.0 = Release|Any CPU
		{F0B414AB-B049-4E02-B341-CB683A6B8381}.Release|iPhone.Deploy.0 = Release|Any CPU
		{F0B414AB-B049-4E02-B341-CB683A6B8381}.Release|iPhoneSimulator.ActiveCfg = Release|Any CPU
		{F0B414AB-B049-4E02-B341-CB683A6B8381}.Release|iPhoneSimulator.Build.0 = Release|Any CPU
		{F0B414AB-B049-4E02-B341-CB683A6B8381}.Release|iPhoneSimulator.Deploy.0 = Release|Any CPU
		{F0B414AB-B049-4E02-B341-CB683A6B8381}.Release|x64.ActiveCfg = Release|Any CPU
		{F0B414AB-B049-4E02-B341-CB683A6B8381}.Release|x64.Build.0 = Release|Any CPU
		{F0B414AB-B049-4E02-B341-CB683A6B8381}.Release|x64.Deploy.0 = Release|Any CPU
		{F0B414AB-B049-4E02-B341-CB683A6B8381}.Release|x86.ActiveCfg = Release|x86
		{F0B414AB-B049-4E02-B341-CB683A6B8381}.Release|x86.Build.0 = Release|x86
		{F0B414AB-B049-4E02-B341-CB683A6B8381}.Release|x86.Deploy.0 = Release|x86
		{B53E8A2A-21AE-40CD-B755-E0BD6A6891D3}.Ad-Hoc|Any CPU.ActiveCfg = Release|x86
		{B53E8A2A-21AE-40CD-B755-E0BD6A6891D3}.Ad-Hoc|Any CPU.Build.0 = Release|x86
		{B53E8A2A-21AE-40CD-B755-E0BD6A6891D3}.Ad-Hoc|Any CPU.Deploy.0 = Release|x86
		{B53E8A2A-21AE-40CD-B755-E0BD6A6891D3}.Ad-Hoc|ARM.ActiveCfg = Release|ARM
		{B53E8A2A-21AE-40CD-B755-E0BD6A6891D3}.Ad-Hoc|ARM.Build.0 = Release|ARM
		{B53E8A2A-21AE-40CD-B755-E0BD6A6891D3}.Ad-Hoc|ARM.Deploy.0 = Release|ARM
		{B53E8A2A-21AE-40CD-B755-E0BD6A6891D3}.Ad-Hoc|iPhone.ActiveCfg = Release|x86
		{B53E8A2A-21AE-40CD-B755-E0BD6A6891D3}.Ad-Hoc|iPhone.Build.0 = Release|x86
		{B53E8A2A-21AE-40CD-B755-E0BD6A6891D3}.Ad-Hoc|iPhone.Deploy.0 = Release|x86
		{B53E8A2A-21AE-40CD-B755-E0BD6A6891D3}.Ad-Hoc|iPhoneSimulator.ActiveCfg = Release|x86
		{B53E8A2A-21AE-40CD-B755-E0BD6A6891D3}.Ad-Hoc|iPhoneSimulator.Build.0 = Release|x86
		{B53E8A2A-21AE-40CD-B755-E0BD6A6891D3}.Ad-Hoc|iPhoneSimulator.Deploy.0 = Release|x86
		{B53E8A2A-21AE-40CD-B755-E0BD6A6891D3}.Ad-Hoc|x64.ActiveCfg = Release|x64
		{B53E8A2A-21AE-40CD-B755-E0BD6A6891D3}.Ad-Hoc|x64.Build.0 = Release|x64
		{B53E8A2A-21AE-40CD-B755-E0BD6A6891D3}.Ad-Hoc|x64.Deploy.0 = Release|x64
		{B53E8A2A-21AE-40CD-B755-E0BD6A6891D3}.Ad-Hoc|x86.ActiveCfg = Release|x86
		{B53E8A2A-21AE-40CD-B755-E0BD6A6891D3}.Ad-Hoc|x86.Build.0 = Release|x86
		{B53E8A2A-21AE-40CD-B755-E0BD6A6891D3}.Ad-Hoc|x86.Deploy.0 = Release|x86
		{B53E8A2A-21AE-40CD-B755-E0BD6A6891D3}.AppStore|Any CPU.ActiveCfg = Release|x86
		{B53E8A2A-21AE-40CD-B755-E0BD6A6891D3}.AppStore|Any CPU.Build.0 = Release|x86
		{B53E8A2A-21AE-40CD-B755-E0BD6A6891D3}.AppStore|Any CPU.Deploy.0 = Release|x86
		{B53E8A2A-21AE-40CD-B755-E0BD6A6891D3}.AppStore|ARM.ActiveCfg = Release|ARM
		{B53E8A2A-21AE-40CD-B755-E0BD6A6891D3}.AppStore|ARM.Build.0 = Release|ARM
		{B53E8A2A-21AE-40CD-B755-E0BD6A6891D3}.AppStore|ARM.Deploy.0 = Release|ARM
		{B53E8A2A-21AE-40CD-B755-E0BD6A6891D3}.AppStore|iPhone.ActiveCfg = Release|x86
		{B53E8A2A-21AE-40CD-B755-E0BD6A6891D3}.AppStore|iPhone.Build.0 = Release|x86
		{B53E8A2A-21AE-40CD-B755-E0BD6A6891D3}.AppStore|iPhone.Deploy.0 = Release|x86
		{B53E8A2A-21AE-40CD-B755-E0BD6A6891D3}.AppStore|iPhoneSimulator.ActiveCfg = Release|x86
		{B53E8A2A-21AE-40CD-B755-E0BD6A6891D3}.AppStore|iPhoneSimulator.Build.0 = Release|x86
		{B53E8A2A-21AE-40CD-B755-E0BD6A6891D3}.AppStore|iPhoneSimulator.Deploy.0 = Release|x86
		{B53E8A2A-21AE-40CD-B755-E0BD6A6891D3}.AppStore|x64.ActiveCfg = Release|x64
		{B53E8A2A-21AE-40CD-B755-E0BD6A6891D3}.AppStore|x64.Build.0 = Release|x64
		{B53E8A2A-21AE-40CD-B755-E0BD6A6891D3}.AppStore|x64.Deploy.0 = Release|x64
		{B53E8A2A-21AE-40CD-B755-E0BD6A6891D3}.AppStore|x86.ActiveCfg = Release|x86
		{B53E8A2A-21AE-40CD-B755-E0BD6A6891D3}.AppStore|x86.Build.0 = Release|x86
		{B53E8A2A-21AE-40CD-B755-E0BD6A6891D3}.AppStore|x86.Deploy.0 = Release|x86
		{B53E8A2A-21AE-40CD-B755-E0BD6A6891D3}.Debug|Any CPU.ActiveCfg = Debug|x86
		{B53E8A2A-21AE-40CD-B755-E0BD6A6891D3}.Debug|ARM.ActiveCfg = Debug|ARM
		{B53E8A2A-21AE-40CD-B755-E0BD6A6891D3}.Debug|ARM.Build.0 = Debug|ARM
		{B53E8A2A-21AE-40CD-B755-E0BD6A6891D3}.Debug|ARM.Deploy.0 = Debug|ARM
		{B53E8A2A-21AE-40CD-B755-E0BD6A6891D3}.Debug|iPhone.ActiveCfg = Debug|x86
		{B53E8A2A-21AE-40CD-B755-E0BD6A6891D3}.Debug|iPhoneSimulator.ActiveCfg = Debug|x86
		{B53E8A2A-21AE-40CD-B755-E0BD6A6891D3}.Debug|iPhoneSimulator.Build.0 = Debug|x86
		{B53E8A2A-21AE-40CD-B755-E0BD6A6891D3}.Debug|iPhoneSimulator.Deploy.0 = Debug|x86
		{B53E8A2A-21AE-40CD-B755-E0BD6A6891D3}.Debug|x64.ActiveCfg = Debug|x64
		{B53E8A2A-21AE-40CD-B755-E0BD6A6891D3}.Debug|x64.Build.0 = Debug|x64
		{B53E8A2A-21AE-40CD-B755-E0BD6A6891D3}.Debug|x64.Deploy.0 = Debug|x64
		{B53E8A2A-21AE-40CD-B755-E0BD6A6891D3}.Debug|x86.ActiveCfg = Debug|x86
		{B53E8A2A-21AE-40CD-B755-E0BD6A6891D3}.Debug|x86.Build.0 = Debug|x86
		{B53E8A2A-21AE-40CD-B755-E0BD6A6891D3}.Debug|x86.Deploy.0 = Debug|x86
		{B53E8A2A-21AE-40CD-B755-E0BD6A6891D3}.Release|Any CPU.ActiveCfg = Release|x86
		{B53E8A2A-21AE-40CD-B755-E0BD6A6891D3}.Release|ARM.ActiveCfg = Release|ARM
		{B53E8A2A-21AE-40CD-B755-E0BD6A6891D3}.Release|ARM.Build.0 = Release|ARM
		{B53E8A2A-21AE-40CD-B755-E0BD6A6891D3}.Release|ARM.Deploy.0 = Release|ARM
		{B53E8A2A-21AE-40CD-B755-E0BD6A6891D3}.Release|iPhone.ActiveCfg = Release|x86
		{B53E8A2A-21AE-40CD-B755-E0BD6A6891D3}.Release|iPhoneSimulator.ActiveCfg = Release|x86
		{B53E8A2A-21AE-40CD-B755-E0BD6A6891D3}.Release|x64.ActiveCfg = Release|x64
		{B53E8A2A-21AE-40CD-B755-E0BD6A6891D3}.Release|x64.Build.0 = Release|x64
		{B53E8A2A-21AE-40CD-B755-E0BD6A6891D3}.Release|x64.Deploy.0 = Release|x64
		{B53E8A2A-21AE-40CD-B755-E0BD6A6891D3}.Release|x86.ActiveCfg = Release|x86
		{B53E8A2A-21AE-40CD-B755-E0BD6A6891D3}.Release|x86.Build.0 = Release|x86
		{B53E8A2A-21AE-40CD-B755-E0BD6A6891D3}.Release|x86.Deploy.0 = Release|x86
		{BF82FD27-F503-4AF8-8699-0CB1BE0D3E77}.Ad-Hoc|Any CPU.ActiveCfg = Release|Any CPU
		{BF82FD27-F503-4AF8-8699-0CB1BE0D3E77}.Ad-Hoc|Any CPU.Build.0 = Release|Any CPU
		{BF82FD27-F503-4AF8-8699-0CB1BE0D3E77}.Ad-Hoc|Any CPU.Deploy.0 = Release|Any CPU
		{BF82FD27-F503-4AF8-8699-0CB1BE0D3E77}.Ad-Hoc|ARM.ActiveCfg = Release|ARM
		{BF82FD27-F503-4AF8-8699-0CB1BE0D3E77}.Ad-Hoc|ARM.Build.0 = Release|ARM
		{BF82FD27-F503-4AF8-8699-0CB1BE0D3E77}.Ad-Hoc|ARM.Deploy.0 = Release|ARM
		{BF82FD27-F503-4AF8-8699-0CB1BE0D3E77}.Ad-Hoc|iPhone.ActiveCfg = Release|Any CPU
		{BF82FD27-F503-4AF8-8699-0CB1BE0D3E77}.Ad-Hoc|iPhone.Build.0 = Release|Any CPU
		{BF82FD27-F503-4AF8-8699-0CB1BE0D3E77}.Ad-Hoc|iPhone.Deploy.0 = Release|Any CPU
		{BF82FD27-F503-4AF8-8699-0CB1BE0D3E77}.Ad-Hoc|iPhoneSimulator.ActiveCfg = Release|Any CPU
		{BF82FD27-F503-4AF8-8699-0CB1BE0D3E77}.Ad-Hoc|iPhoneSimulator.Build.0 = Release|Any CPU
		{BF82FD27-F503-4AF8-8699-0CB1BE0D3E77}.Ad-Hoc|iPhoneSimulator.Deploy.0 = Release|Any CPU
		{BF82FD27-F503-4AF8-8699-0CB1BE0D3E77}.Ad-Hoc|x64.ActiveCfg = Release|x64
		{BF82FD27-F503-4AF8-8699-0CB1BE0D3E77}.Ad-Hoc|x64.Build.0 = Release|x64
		{BF82FD27-F503-4AF8-8699-0CB1BE0D3E77}.Ad-Hoc|x64.Deploy.0 = Release|x64
		{BF82FD27-F503-4AF8-8699-0CB1BE0D3E77}.Ad-Hoc|x86.ActiveCfg = Release|x86
		{BF82FD27-F503-4AF8-8699-0CB1BE0D3E77}.Ad-Hoc|x86.Build.0 = Release|x86
		{BF82FD27-F503-4AF8-8699-0CB1BE0D3E77}.Ad-Hoc|x86.Deploy.0 = Release|x86
		{BF82FD27-F503-4AF8-8699-0CB1BE0D3E77}.AppStore|Any CPU.ActiveCfg = Release|Any CPU
		{BF82FD27-F503-4AF8-8699-0CB1BE0D3E77}.AppStore|Any CPU.Build.0 = Release|Any CPU
		{BF82FD27-F503-4AF8-8699-0CB1BE0D3E77}.AppStore|Any CPU.Deploy.0 = Release|Any CPU
		{BF82FD27-F503-4AF8-8699-0CB1BE0D3E77}.AppStore|ARM.ActiveCfg = Release|ARM
		{BF82FD27-F503-4AF8-8699-0CB1BE0D3E77}.AppStore|ARM.Build.0 = Release|ARM
		{BF82FD27-F503-4AF8-8699-0CB1BE0D3E77}.AppStore|ARM.Deploy.0 = Release|ARM
		{BF82FD27-F503-4AF8-8699-0CB1BE0D3E77}.AppStore|iPhone.ActiveCfg = Release|Any CPU
		{BF82FD27-F503-4AF8-8699-0CB1BE0D3E77}.AppStore|iPhone.Build.0 = Release|Any CPU
		{BF82FD27-F503-4AF8-8699-0CB1BE0D3E77}.AppStore|iPhone.Deploy.0 = Release|Any CPU
		{BF82FD27-F503-4AF8-8699-0CB1BE0D3E77}.AppStore|iPhoneSimulator.ActiveCfg = Release|Any CPU
		{BF82FD27-F503-4AF8-8699-0CB1BE0D3E77}.AppStore|iPhoneSimulator.Build.0 = Release|Any CPU
		{BF82FD27-F503-4AF8-8699-0CB1BE0D3E77}.AppStore|iPhoneSimulator.Deploy.0 = Release|Any CPU
		{BF82FD27-F503-4AF8-8699-0CB1BE0D3E77}.AppStore|x64.ActiveCfg = Release|x64
		{BF82FD27-F503-4AF8-8699-0CB1BE0D3E77}.AppStore|x64.Build.0 = Release|x64
		{BF82FD27-F503-4AF8-8699-0CB1BE0D3E77}.AppStore|x64.Deploy.0 = Release|x64
		{BF82FD27-F503-4AF8-8699-0CB1BE0D3E77}.AppStore|x86.ActiveCfg = Release|x86
		{BF82FD27-F503-4AF8-8699-0CB1BE0D3E77}.AppStore|x86.Build.0 = Release|x86
		{BF82FD27-F503-4AF8-8699-0CB1BE0D3E77}.AppStore|x86.Deploy.0 = Release|x86
		{BF82FD27-F503-4AF8-8699-0CB1BE0D3E77}.Debug|Any CPU.ActiveCfg = Debug|Any CPU
		{BF82FD27-F503-4AF8-8699-0CB1BE0D3E77}.Debug|Any CPU.Build.0 = Debug|Any CPU
		{BF82FD27-F503-4AF8-8699-0CB1BE0D3E77}.Debug|Any CPU.Deploy.0 = Debug|Any CPU
		{BF82FD27-F503-4AF8-8699-0CB1BE0D3E77}.Debug|ARM.ActiveCfg = Debug|ARM
		{BF82FD27-F503-4AF8-8699-0CB1BE0D3E77}.Debug|ARM.Build.0 = Debug|ARM
		{BF82FD27-F503-4AF8-8699-0CB1BE0D3E77}.Debug|ARM.Deploy.0 = Debug|ARM
		{BF82FD27-F503-4AF8-8699-0CB1BE0D3E77}.Debug|iPhone.ActiveCfg = Debug|Any CPU
		{BF82FD27-F503-4AF8-8699-0CB1BE0D3E77}.Debug|iPhone.Build.0 = Debug|Any CPU
		{BF82FD27-F503-4AF8-8699-0CB1BE0D3E77}.Debug|iPhone.Deploy.0 = Debug|Any CPU
		{BF82FD27-F503-4AF8-8699-0CB1BE0D3E77}.Debug|iPhoneSimulator.ActiveCfg = Debug|Any CPU
		{BF82FD27-F503-4AF8-8699-0CB1BE0D3E77}.Debug|iPhoneSimulator.Build.0 = Debug|Any CPU
		{BF82FD27-F503-4AF8-8699-0CB1BE0D3E77}.Debug|iPhoneSimulator.Deploy.0 = Debug|Any CPU
		{BF82FD27-F503-4AF8-8699-0CB1BE0D3E77}.Debug|x64.ActiveCfg = Debug|x64
		{BF82FD27-F503-4AF8-8699-0CB1BE0D3E77}.Debug|x64.Build.0 = Debug|x64
		{BF82FD27-F503-4AF8-8699-0CB1BE0D3E77}.Debug|x64.Deploy.0 = Debug|x64
		{BF82FD27-F503-4AF8-8699-0CB1BE0D3E77}.Debug|x86.ActiveCfg = Debug|x86
		{BF82FD27-F503-4AF8-8699-0CB1BE0D3E77}.Debug|x86.Build.0 = Debug|x86
		{BF82FD27-F503-4AF8-8699-0CB1BE0D3E77}.Debug|x86.Deploy.0 = Debug|x86
		{BF82FD27-F503-4AF8-8699-0CB1BE0D3E77}.Release|Any CPU.ActiveCfg = Release|Any CPU
		{BF82FD27-F503-4AF8-8699-0CB1BE0D3E77}.Release|Any CPU.Build.0 = Release|Any CPU
		{BF82FD27-F503-4AF8-8699-0CB1BE0D3E77}.Release|Any CPU.Deploy.0 = Release|Any CPU
		{BF82FD27-F503-4AF8-8699-0CB1BE0D3E77}.Release|ARM.ActiveCfg = Release|ARM
		{BF82FD27-F503-4AF8-8699-0CB1BE0D3E77}.Release|ARM.Build.0 = Release|ARM
		{BF82FD27-F503-4AF8-8699-0CB1BE0D3E77}.Release|ARM.Deploy.0 = Release|ARM
		{BF82FD27-F503-4AF8-8699-0CB1BE0D3E77}.Release|iPhone.ActiveCfg = Release|Any CPU
		{BF82FD27-F503-4AF8-8699-0CB1BE0D3E77}.Release|iPhone.Build.0 = Release|Any CPU
		{BF82FD27-F503-4AF8-8699-0CB1BE0D3E77}.Release|iPhone.Deploy.0 = Release|Any CPU
		{BF82FD27-F503-4AF8-8699-0CB1BE0D3E77}.Release|iPhoneSimulator.ActiveCfg = Release|Any CPU
		{BF82FD27-F503-4AF8-8699-0CB1BE0D3E77}.Release|iPhoneSimulator.Build.0 = Release|Any CPU
		{BF82FD27-F503-4AF8-8699-0CB1BE0D3E77}.Release|iPhoneSimulator.Deploy.0 = Release|Any CPU
		{BF82FD27-F503-4AF8-8699-0CB1BE0D3E77}.Release|x64.ActiveCfg = Release|x64
		{BF82FD27-F503-4AF8-8699-0CB1BE0D3E77}.Release|x64.Build.0 = Release|x64
		{BF82FD27-F503-4AF8-8699-0CB1BE0D3E77}.Release|x64.Deploy.0 = Release|x64
		{BF82FD27-F503-4AF8-8699-0CB1BE0D3E77}.Release|x86.ActiveCfg = Release|x86
		{BF82FD27-F503-4AF8-8699-0CB1BE0D3E77}.Release|x86.Build.0 = Release|x86
		{BF82FD27-F503-4AF8-8699-0CB1BE0D3E77}.Release|x86.Deploy.0 = Release|x86
	EndGlobalSection
	GlobalSection(SolutionProperties) = preSolution
		HideSolutionNode = FALSE
	EndGlobalSection
EndGlobal
